
Microsoft Visual Studio Solution File, Format Version 12.00
# Visual Studio Version 17
VisualStudioVersion = 17.9.34622.214
MinimumVisualStudioVersion = 10.0.40219.1
Project("{FAE04EC0-301F-11D3-BF4B-00C04F79EFBC}") = "API-HOSTING(GAAAAAAA)", "API-HOSTING(GAAAAAAA)\API-HOSTING(GAAAAAAA).csproj", "{2DD247E4-ED1B-415E-B18E-589F92ADD523}"
EndProject
Global
	GlobalSection(SolutionConfigurationPlatforms) = preSolution
		Debug|Any CPU = Debug|Any CPU
		Release|Any CPU = Release|Any CPU
	EndGlobalSection
	GlobalSection(ProjectConfigurationPlatforms) = postSolution
		{2DD247E4-ED1B-415E-B18E-589F92ADD523}.Debug|Any CPU.ActiveCfg = Debug|Any CPU
		{2DD247E4-ED1B-415E-B18E-589F92ADD523}.Debug|Any CPU.Build.0 = Debug|Any CPU
		{2DD247E4-ED1B-415E-B18E-589F92ADD523}.Release|Any CPU.ActiveCfg = Release|Any CPU
		{2DD247E4-ED1B-415E-B18E-589F92ADD523}.Release|Any CPU.Build.0 = Release|Any CPU
	EndGlobalSection
	GlobalSection(SolutionProperties) = preSolution
		HideSolutionNode = FALSE
	EndGlobalSection
	GlobalSection(ExtensibilityGlobals) = postSolution
		SolutionGuid = {A0F898D1-1961-4A22-A817-34964C2F035D}
	EndGlobalSection
EndGlobal
